github.com/gorilla/mux v1.8.0 h1:i40aqfkR1h2SlN9hojwV5ZA91wcXFOvkdNIeFDP5koI=
github.com/gorilla/mux v1.8.0/go.mod h1:DVbg23sWSpFRCP0SfiEN6jmj59UnW/n46BH5rLB71So=
github.com/mcfly722/goPackages/context v0.0.0-20220529194245-7d210e2ede48 h1:khx/MuXK183chRQG4OyhwPZjo1UkkMb4ulbuFSUj560=
github.com/mcfly722/goPackages/context v0.0.0-20220529194245-7d210e2ede48/go.mod h1:pqlmKTAKdhoVI5V9aSj0eiaUFGCMVChuSon0Wyf1o94=
github.com/mcfly722/goPackages/logger v0.0.0-20220529151635-5bdd56421d13 h1:FSdOrozbPwQ8DK6kyI3WFV7lpJ0aRkOZJS+sJIxf+u4=
github.com/mcfly722/goPackages/logger v0.0.0-20220529151635-5bdd56421d13/go.mod h1:oAogjoZd5ANC5qV2pnpXM1IDgSCIcJFBWJNKN0HVSgQ=
github.com/mcfly722/goPackages/logger v0.0.0-20220529194245-7d210e2ede48 h1:EQEWhA0TAQMNcBshgCc6lLsxgBUqh/6a3yhMOJBj9KA=
github.com/mcfly722/goPackages/logger v0.0.0-20220529194245-7d210e2ede48/go.mod h1:oAogjoZd5ANC5qV2pnpXM1IDgSCIcJFBWJNKN0HVSgQ=
github.com/mcfly722/goPackages/plugins v0.0.0-20220410225137-563aa7aff292 h1:kaDYcofQPj96vv9E9DGBy7uJuY6j+t7YqCoUNakP47M=
github.com/mcfly722/goPackages/plugins v0.0.0-20220410225137-563aa7aff292/go.mod h1:46Wp8xKBFxyG/ZTHkADarbVqbCvehpyO4yWpnNplz28=
github.com/mcfly722/goPackages/plugins v0.0.0-20220612145419-9eaeadee50b9 h1:ea9noH/YZYk7cLXdEvVMVQiwhmmsNO/euCHYrf3cBD4=
github.com/mcfly722/goPackages/plugins v0.0.0-20220612145419-9eaeadee50b9/go.mod h1:suL62DnUcw6b+iIZMN9jPPDAnAA/qvqzaqqkeq6fac0=
github.com/mcfly722/goPackages/scheduler v0.0.0-20220218085244-47f021f60c1b/go.mod h1:H516ln8Gmk3vU2qotNmy8Zetvi4vtqmNI6HoI+nC0TU=
gopkg.in/check.v1 v0.0.0-20161208181325-20d25e280405/go.mod h1:Co6ibVJAznAaIkqp8huTwlJQCZ016jof/cbN4VW5Yz0=
gopkg.in/yaml.v2 v2.4.0 h1:D8xgwECY7CYvx+Y2n4sBz93Jn9JRvxdiyyo8CTfuKaY=
gopkg.in/yaml.v2 v2.4.0/go.mod h1:RDklbk79AGWmwhnvt/jBztapEOGDOx6ZbXqjP6csGnQ=
