github.com/gorilla/mux v1.8.0 h1:i40aqfkR1h2SlN9hojwV5ZA91wcXFOvkdNIeFDP5koI=
github.com/gorilla/mux v1.8.0/go.mod h1:DVbg23sWSpFRCP0SfiEN6jmj59UnW/n46BH5rLB71So=
github.com/mcfly722/goPackages/context v0.0.0-20220529194245-7d210e2ede48/go.mod h1:pqlmKTAKdhoVI5V9aSj0eiaUFGCMVChuSon0Wyf1o94=
github.com/mcfly722/goPackages/context v0.0.0-20220613153119-f66027e7e2d8 h1:S3Ufa7UAYdgo6oR4YaafDKRpA9CTyhFDn2m7Q7sEPC8=
github.com/mcfly722/goPackages/context v0.0.0-20220613153119-f66027e7e2d8/go.mod h1:i38+RCkeReJo5SgIE5Le8fJZHCwp7QgnZic9yrUMFJY=
github.com/mcfly722/goPackages/logger v0.0.0-20220529194245-7d210e2ede48/go.mod h1:oAogjoZd5ANC5qV2pnpXM1IDgSCIcJFBWJNKN0HVSgQ=
github.com/mcfly722/goPackages/logger v0.0.0-20220613150521-645840a0a9f1 h1:XY3fr35dM3pl0rP0mRzwXj0Z03DQLOrBaXP2eFREyQY=
github.com/mcfly722/goPackages/logger v0.0.0-20220613150521-645840a0a9f1/go.mod h1:oAogjoZd5ANC5qV2pnpXM1IDgSCIcJFBWJNKN0HVSgQ=
github.com/mcfly722/goPackages/plugins v0.0.0-20220613153839-9f9707e4e66f h1:3hn8mgrnZlHA0waeM9nTjP67Y4mhy1qDcjcVrJY06KM=
github.com/mcfly722/goPackages/plugins v0.0.0-20220613153839-9f9707e4e66f/go.mod h1:eys29lmyMvgTSW7c2u6mypf6WnGt2yaDw7QyQbsjgZQ=
github.com/mcfly722/goPackages/scheduler v0.0.0-20220218085244-47f021f60c1b/go.mod h1:H516ln8Gmk3vU2qotNmy8Zetvi4vtqmNI6HoI+nC0TU=
gopkg.in/check.v1 v0.0.0-20161208181325-20d25e280405 h1:yhCVgyC4o1eVCa2tZl7eS0r+SDo693bJlVdllGtEeKM=
gopkg.in/check.v1 v0.0.0-20161208181325-20d25e280405/go.mod h1:Co6ibVJAznAaIkqp8huTwlJQCZ016jof/cbN4VW5Yz0=
gopkg.in/yaml.v2 v2.4.0 h1:D8xgwECY7CYvx+Y2n4sBz93Jn9JRvxdiyyo8CTfuKaY=
gopkg.in/yaml.v2 v2.4.0/go.mod h1:RDklbk79AGWmwhnvt/jBztapEOGDOx6ZbXqjP6csGnQ=
